
Microsoft Visual Studio Solution File, Format Version 12.00
# Visual Studio Version 16
VisualStudioVersion = 16.0.30002.166
MinimumVisualStudioVersion = 10.0.40219.1
Project("{FAE04EC0-301F-11D3-BF4B-00C04F79EFBC}") = "Our.Umbraco.CompositionViewer.Web", "Our.Umbraco.CompositionViewer.Web\Our.Umbraco.CompositionViewer.Web.csproj", "{1298FE23-F542-4DB3-A766-235976BEC219}"
EndProject
Project("{FAE04EC0-301F-11D3-BF4B-00C04F79EFBC}") = "Our.Umbraco.CompositionViewer", "Our.Umbraco.CompositionViewer\Our.Umbraco.CompositionViewer.csproj", "{3235E40F-D92D-4893-95EA-00E6EC885FBD}"
EndProject
Global
	GlobalSection(SolutionConfigurationPlatforms) = preSolution
		Debug|Any CPU = Debug|Any CPU
		Release|Any CPU = Release|Any CPU
	EndGlobalSection
	GlobalSection(ProjectConfigurationPlatforms) = postSolution
		{1298FE23-F542-4DB3-A766-235976BEC219}.Debug|Any CPU.ActiveCfg = Debug|Any CPU
		{1298FE23-F542-4DB3-A766-235976BEC219}.Debug|Any CPU.Build.0 = Debug|Any CPU
		{1298FE23-F542-4DB3-A766-235976BEC219}.Release|Any CPU.ActiveCfg = Release|Any CPU
		{1298FE23-F542-4DB3-A766-235976BEC219}.Release|Any CPU.Build.0 = Release|Any CPU
		{3235E40F-D92D-4893-95EA-00E6EC885FBD}.Debug|Any CPU.ActiveCfg = Debug|Any CPU
		{3235E40F-D92D-4893-95EA-00E6EC885FBD}.Debug|Any CPU.Build.0 = Debug|Any CPU
		{3235E40F-D92D-4893-95EA-00E6EC885FBD}.Release|Any CPU.ActiveCfg = Release|Any CPU
		{3235E40F-D92D-4893-95EA-00E6EC885FBD}.Release|Any CPU.Build.0 = Release|Any CPU
	EndGlobalSection
	GlobalSection(SolutionProperties) = preSolution
		HideSolutionNode = FALSE
	EndGlobalSection
	GlobalSection(ExtensibilityGlobals) = postSolution
		SolutionGuid = {0F7C95C4-41A4-4FB1-B41F-C55251340857}
	EndGlobalSection
EndGlobal
